
Microsoft Visual Studio Solution File, Format Version 12.00
# Visual Studio 15
VisualStudioVersion = 15.0.28307.705
MinimumVisualStudioVersion = 10.0.40219.1
Project("{FAE04EC0-301F-11D3-BF4B-00C04F79EFBC}") = "TripServices.NSwag", "NSwag\TripServices.NSwag.csproj", "{964B74FF-A718-46E3-AC01-8F2062B2C0C5}"
EndProject
Project("{FAE04EC0-301F-11D3-BF4B-00C04F79EFBC}") = "TripServices.AutoRest", "AutoRest\TripServices.AutoRest.csproj", "{29503C6F-3088-4E07-BA51-E09DEC864052}"
EndProject
Project("{2150E333-8FDC-42A3-9474-1A3956D46DE8}") = "ReferenceFiles", "ReferenceFiles", "{8C62B905-AD32-4D30-B319-8A225BAA0916}"
	ProjectSection(SolutionItems) = preProject
		AirSearchRequestExample.json = AirSearchRequestExample.json
	EndProjectSection
EndProject
Global
	GlobalSection(SolutionConfigurationPlatforms) = preSolution
		Debug|Any CPU = Debug|Any CPU
		Release|Any CPU = Release|Any CPU
	EndGlobalSection
	GlobalSection(ProjectConfigurationPlatforms) = postSolution
		{964B74FF-A718-46E3-AC01-8F2062B2C0C5}.Debug|Any CPU.ActiveCfg = Debug|Any CPU
		{964B74FF-A718-46E3-AC01-8F2062B2C0C5}.Debug|Any CPU.Build.0 = Debug|Any CPU
		{964B74FF-A718-46E3-AC01-8F2062B2C0C5}.Release|Any CPU.ActiveCfg = Release|Any CPU
		{964B74FF-A718-46E3-AC01-8F2062B2C0C5}.Release|Any CPU.Build.0 = Release|Any CPU
		{29503C6F-3088-4E07-BA51-E09DEC864052}.Debug|Any CPU.ActiveCfg = Debug|Any CPU
		{29503C6F-3088-4E07-BA51-E09DEC864052}.Debug|Any CPU.Build.0 = Debug|Any CPU
		{29503C6F-3088-4E07-BA51-E09DEC864052}.Release|Any CPU.ActiveCfg = Release|Any CPU
		{29503C6F-3088-4E07-BA51-E09DEC864052}.Release|Any CPU.Build.0 = Release|Any CPU
	EndGlobalSection
	GlobalSection(SolutionProperties) = preSolution
		HideSolutionNode = FALSE
	EndGlobalSection
	GlobalSection(ExtensibilityGlobals) = postSolution
		SolutionGuid = {1CFFF2B2-D983-45CB-BC4B-5AF781C06BB3}
	EndGlobalSection
EndGlobal
